<?xml version="1.0" encoding="utf-8"?>
<Project ToolsVersion="4.0" xmlns="http://schemas.microsoft.com/developer/msbuild/2003">
  <ItemGroup>
    <Filter Include="Fichiers sources">
      <UniqueIdentifier>{4FC737F1-C7A5-4376-A066-2A32D752A2FF}</UniqueIdentifier>
      <Extensions>cpp;c;cc;cxx;def;odl;idl;hpj;bat;asm;asmx</Extensions>
    </Filter>
    <Filter Include="Fichiers d%27en-tête">
      <UniqueIdentifier>{93995380-89BD-4b04-88EB-625FBE52EBFB}</UniqueIdentifier>
      <Extensions>h;hh;hpp;hxx;hm;inl;inc;ipp;xsd</Extensions>
    </Filter>
    <Filter Include="Fichiers de ressources">
      <UniqueIdentifier>{67DA6AB6-F800-4c08-8B7A-83BB121AAD01}</UniqueIdentifier>
      <Extensions>rc;ico;cur;bmp;dlg;rc2;rct;bin;rgs;gif;jpg;jpeg;jpe;resx;tiff;tif;png;wav;mfcribbon-ms</Extensions>
    </Filter>
    <Filter Include="Fichiers sources\Modèle">
      <UniqueIdentifier>{9d1cc70d-f3b4-40d8-9bdf-ce56eab35a56}</UniqueIdentifier>
    </Filter>
    <Filter Include="Fichiers sources\Solveur">
      <UniqueIdentifier>{c120d925-a36b-4bb9-b1d7-0130dde11037}</UniqueIdentifier>
    </Filter>
    <Filter Include="Fichiers sources\Données">
      <UniqueIdentifier>{c6b9f4ef-21ba-4826-94d7-a4a9cc12a20c}</UniqueIdentifier>
    </Filter>
    <Filter Include="Fichiers d%27en-tête\Modèle">
      <UniqueIdentifier>{7e2f6260-1f19-4ca5-b13a-6bf9be9fbe4f}</UniqueIdentifier>
    </Filter>
    <Filter Include="Fichiers d%27en-tête\Données">
      <UniqueIdentifier>{e9f3f276-529c-4c4f-b101-f0238612f91e}</UniqueIdentifier>
    </Filter>
    <Filter Include="Fichiers d%27en-tête\Solveur">
      <UniqueIdentifier>{5f4c72ad-549c-44e1-8bb7-5acf724686b6}</UniqueIdentifier>
    </Filter>
  </ItemGroup>
  <ItemGroup>
    <ClInclude Include="Solveur\Tuto.h">
      <Filter>Fichiers sources</Filter>
    </ClInclude>
    <ClInclude Include="Modele\COperation.h">
      <Filter>Fichiers d%27en-tête\Modèle</Filter>
    </ClInclude>
    <ClInclude Include="Modele\CChantier.h">
      <Filter>Fichiers d%27en-tête\Modèle</Filter>
    </ClInclude>
    <ClInclude Include="Donnees\CJeuDonnees.h">
      <Filter>Fichiers d%27en-tête\Données</Filter>
    </ClInclude>
    <ClInclude Include="Donnees\CInput.h">
      <Filter>Fichiers d%27en-tête\Données</Filter>
    </ClInclude>
    <ClInclude Include="Donnees\CAcquisition.h">
      <Filter>Fichiers d%27en-tête\Données</Filter>
    </ClInclude>
    <ClInclude Include="Solveur\PLNE.h">
      <Filter>Fichiers d%27en-tête\Solveur</Filter>
    </ClInclude>
  </ItemGroup>
  <ItemGroup>
    <ClCompile Include="main.cpp">
      <Filter>Fichiers sources</Filter>
    </ClCompile>
    <ClCompile Include="Solveur\Tuto.cpp">
      <Filter>Fichiers sources</Filter>
    </ClCompile>
    <ClCompile Include="Modele\COperation.cpp">
      <Filter>Fichiers sources\Modèle</Filter>
    </ClCompile>
    <ClCompile Include="Modele\CChantier.cpp">
      <Filter>Fichiers sources\Modèle</Filter>
    </ClCompile>
    <ClCompile Include="Donnees\CJeuDonnees.cpp">
      <Filter>Fichiers sources\Données</Filter>
    </ClCompile>
    <ClCompile Include="Donnees\CInput.cpp">
      <Filter>Fichiers sources\Données</Filter>
    </ClCompile>
    <ClCompile Include="Donnees\CAcquisition.cpp">
      <Filter>Fichiers sources\Données</Filter>
    </ClCompile>
    <ClCompile Include="Solveur\PLNE.cpp">
      <Filter>Fichiers sources\Solveur</Filter>
    </ClCompile>
  </ItemGroup>
  <ItemGroup>
    <None Include="ClassDiagram.cd" />
  </ItemGroup>
</Project>